
Microsoft Visual Studio Solution File, Format Version 12.00
# Visual Studio Version 17
VisualStudioVersion = 17.0.31903.59
MinimumVisualStudioVersion = 10.0.40219.1
Project("{2150E333-8FDC-42A3-9474-1A3956D46DE8}") = "src", "src", "{827E0CD3-B72D-47B6-A68D-7590B98EB39B}"
EndProject
Project("{FAE04EC0-301F-11D3-BF4B-00C04F79EFBC}") = "TaskScheduler.Domain", "src\TaskScheduler.Domain\TaskScheduler.Domain.csproj", "{378AE8AE-C910-43F5-8184-F9D56EBC922C}"
EndProject
Project("{FAE04EC0-301F-11D3-BF4B-00C04F79EFBC}") = "TaskScheduler.Application", "src\TaskScheduler.Application\TaskScheduler.Application.csproj", "{06D8E891-4854-4067-9B5F-AD4EE6328AE6}"
EndProject
Project("{FAE04EC0-301F-11D3-BF4B-00C04F79EFBC}") = "TaskScheduler.Infrastructure", "src\TaskScheduler.Infrastructure\TaskScheduler.Infrastructure.csproj", "{8533D3CB-E515-4C15-A268-519070402A2E}"
EndProject
Project("{FAE04EC0-301F-11D3-BF4B-00C04F79EFBC}") = "TaskScheduler.BlazorServer", "src\TaskScheduler.BlazorServer\TaskScheduler.BlazorServer.csproj", "{0690A6A9-0D75-4375-8940-5782AF6C6974}"
EndProject
Global
	GlobalSection(SolutionConfigurationPlatforms) = preSolution
		Debug|Any CPU = Debug|Any CPU
		Debug|x64 = Debug|x64
		Debug|x86 = Debug|x86
		Release|Any CPU = Release|Any CPU
		Release|x64 = Release|x64
		Release|x86 = Release|x86
	EndGlobalSection
	GlobalSection(ProjectConfigurationPlatforms) = postSolution
		{378AE8AE-C910-43F5-8184-F9D56EBC922C}.Debug|Any CPU.ActiveCfg = Debug|Any CPU
		{378AE8AE-C910-43F5-8184-F9D56EBC922C}.Debug|Any CPU.Build.0 = Debug|Any CPU
		{378AE8AE-C910-43F5-8184-F9D56EBC922C}.Debug|x64.ActiveCfg = Debug|Any CPU
		{378AE8AE-C910-43F5-8184-F9D56EBC922C}.Debug|x64.Build.0 = Debug|Any CPU
		{378AE8AE-C910-43F5-8184-F9D56EBC922C}.Debug|x86.ActiveCfg = Debug|Any CPU
		{378AE8AE-C910-43F5-8184-F9D56EBC922C}.Debug|x86.Build.0 = Debug|Any CPU
		{378AE8AE-C910-43F5-8184-F9D56EBC922C}.Release|Any CPU.ActiveCfg = Release|Any CPU
		{378AE8AE-C910-43F5-8184-F9D56EBC922C}.Release|Any CPU.Build.0 = Release|Any CPU
		{378AE8AE-C910-43F5-8184-F9D56EBC922C}.Release|x64.ActiveCfg = Release|Any CPU
		{378AE8AE-C910-43F5-8184-F9D56EBC922C}.Release|x64.Build.0 = Release|Any CPU
		{378AE8AE-C910-43F5-8184-F9D56EBC922C}.Release|x86.ActiveCfg = Release|Any CPU
		{378AE8AE-C910-43F5-8184-F9D56EBC922C}.Release|x86.Build.0 = Release|Any CPU
		{06D8E891-4854-4067-9B5F-AD4EE6328AE6}.Debug|Any CPU.ActiveCfg = Debug|Any CPU
		{06D8E891-4854-4067-9B5F-AD4EE6328AE6}.Debug|Any CPU.Build.0 = Debug|Any CPU
		{06D8E891-4854-4067-9B5F-AD4EE6328AE6}.Debug|x64.ActiveCfg = Debug|Any CPU
		{06D8E891-4854-4067-9B5F-AD4EE6328AE6}.Debug|x64.Build.0 = Debug|Any CPU
		{06D8E891-4854-4067-9B5F-AD4EE6328AE6}.Debug|x86.ActiveCfg = Debug|Any CPU
		{06D8E891-4854-4067-9B5F-AD4EE6328AE6}.Debug|x86.Build.0 = Debug|Any CPU
		{06D8E891-4854-4067-9B5F-AD4EE6328AE6}.Release|Any CPU.ActiveCfg = Release|Any CPU
		{06D8E891-4854-4067-9B5F-AD4EE6328AE6}.Release|Any CPU.Build.0 = Release|Any CPU
		{06D8E891-4854-4067-9B5F-AD4EE6328AE6}.Release|x64.ActiveCfg = Release|Any CPU
		{06D8E891-4854-4067-9B5F-AD4EE6328AE6}.Release|x64.Build.0 = Release|Any CPU
		{06D8E891-4854-4067-9B5F-AD4EE6328AE6}.Release|x86.ActiveCfg = Release|Any CPU
		{06D8E891-4854-4067-9B5F-AD4EE6328AE6}.Release|x86.Build.0 = Release|Any CPU
		{8533D3CB-E515-4C15-A268-519070402A2E}.Debug|Any CPU.ActiveCfg = Debug|Any CPU
		{8533D3CB-E515-4C15-A268-519070402A2E}.Debug|Any CPU.Build.0 = Debug|Any CPU
		{8533D3CB-E515-4C15-A268-519070402A2E}.Debug|x64.ActiveCfg = Debug|Any CPU
		{8533D3CB-E515-4C15-A268-519070402A2E}.Debug|x64.Build.0 = Debug|Any CPU
		{8533D3CB-E515-4C15-A268-519070402A2E}.Debug|x86.ActiveCfg = Debug|Any CPU
		{8533D3CB-E515-4C15-A268-519070402A2E}.Debug|x86.Build.0 = Debug|Any CPU
		{8533D3CB-E515-4C15-A268-519070402A2E}.Release|Any CPU.ActiveCfg = Release|Any CPU
		{8533D3CB-E515-4C15-A268-519070402A2E}.Release|Any CPU.Build.0 = Release|Any CPU
		{8533D3CB-E515-4C15-A268-519070402A2E}.Release|x64.ActiveCfg = Release|Any CPU
		{8533D3CB-E515-4C15-A268-519070402A2E}.Release|x64.Build.0 = Release|Any CPU
		{8533D3CB-E515-4C15-A268-519070402A2E}.Release|x86.ActiveCfg = Release|Any CPU
		{8533D3CB-E515-4C15-A268-519070402A2E}.Release|x86.Build.0 = Release|Any CPU
		{0690A6A9-0D75-4375-8940-5782AF6C6974}.Debug|Any CPU.ActiveCfg = Debug|Any CPU
		{0690A6A9-0D75-4375-8940-5782AF6C6974}.Debug|Any CPU.Build.0 = Debug|Any CPU
		{0690A6A9-0D75-4375-8940-5782AF6C6974}.Debug|x64.ActiveCfg = Debug|Any CPU
		{0690A6A9-0D75-4375-8940-5782AF6C6974}.Debug|x64.Build.0 = Debug|Any CPU
		{0690A6A9-0D75-4375-8940-5782AF6C6974}.Debug|x86.ActiveCfg = Debug|Any CPU
		{0690A6A9-0D75-4375-8940-5782AF6C6974}.Debug|x86.Build.0 = Debug|Any CPU
		{0690A6A9-0D75-4375-8940-5782AF6C6974}.Release|Any CPU.ActiveCfg = Release|Any CPU
		{0690A6A9-0D75-4375-8940-5782AF6C6974}.Release|Any CPU.Build.0 = Release|Any CPU
		{0690A6A9-0D75-4375-8940-5782AF6C6974}.Release|x64.ActiveCfg = Release|Any CPU
		{0690A6A9-0D75-4375-8940-5782AF6C6974}.Release|x64.Build.0 = Release|Any CPU
		{0690A6A9-0D75-4375-8940-5782AF6C6974}.Release|x86.ActiveCfg = Release|Any CPU
		{0690A6A9-0D75-4375-8940-5782AF6C6974}.Release|x86.Build.0 = Release|Any CPU
	EndGlobalSection
	GlobalSection(SolutionProperties) = preSolution
		HideSolutionNode = FALSE
	EndGlobalSection
	GlobalSection(NestedProjects) = preSolution
		{378AE8AE-C910-43F5-8184-F9D56EBC922C} = {827E0CD3-B72D-47B6-A68D-7590B98EB39B}
		{06D8E891-4854-4067-9B5F-AD4EE6328AE6} = {827E0CD3-B72D-47B6-A68D-7590B98EB39B}
		{8533D3CB-E515-4C15-A268-519070402A2E} = {827E0CD3-B72D-47B6-A68D-7590B98EB39B}
		{0690A6A9-0D75-4375-8940-5782AF6C6974} = {827E0CD3-B72D-47B6-A68D-7590B98EB39B}
	EndGlobalSection
EndGlobal
